// !$*UTF8*$!
{
	archiveVersion = 1;
	classes = {
	};
	objectVersion = 56;
	objects = {

/* Begin PBXBuildFile section */
		C32A35492A8B735A00AB8E55 /* ProfileTableViewHeader.swift in Sources */ = {isa = PBXBuildFile; fileRef = C32A35482A8B735A00AB8E55 /* ProfileTableViewHeader.swift */; };
		C35C39EC2A94029E0045EA42 /* AuthenticationViewViewModel.swift in Sources */ = {isa = PBXBuildFile; fileRef = C35C39EB2A94029E0045EA42 /* AuthenticationViewViewModel.swift */; };
		C35C39EF2A94090A0045EA42 /* AuthManager.swift in Sources */ = {isa = PBXBuildFile; fileRef = C35C39EE2A94090A0045EA42 /* AuthManager.swift */; };
		C38BC4782A8F4B7C0063909F /* RegisterViewController.swift in Sources */ = {isa = PBXBuildFile; fileRef = C38BC4772A8F4B7C0063909F /* RegisterViewController.swift */; };
		C39AC8982A8E565E0081065E /* GoogleService-Info.plist in Resources */ = {isa = PBXBuildFile; fileRef = C39AC8972A8E565E0081065E /* GoogleService-Info.plist */; };
		C39AC89B2A8E576A0081065E /* FirebaseAuth in Frameworks */ = {isa = PBXBuildFile; productRef = C39AC89A2A8E576A0081065E /* FirebaseAuth */; };
		C39AC89D2A8E576A0081065E /* FirebaseAuthCombine-Community in Frameworks */ = {isa = PBXBuildFile; productRef = C39AC89C2A8E576A0081065E /* FirebaseAuthCombine-Community */; };
		C39AC89F2A8E576A0081065E /* FirebaseDatabase in Frameworks */ = {isa = PBXBuildFile; productRef = C39AC89E2A8E576A0081065E /* FirebaseDatabase */; };
		C39AC8A12A8E576A0081065E /* FirebaseDatabaseSwift in Frameworks */ = {isa = PBXBuildFile; productRef = C39AC8A02A8E576A0081065E /* FirebaseDatabaseSwift */; };
		C39AC8A32A8E576A0081065E /* FirebaseFirestore in Frameworks */ = {isa = PBXBuildFile; productRef = C39AC8A22A8E576A0081065E /* FirebaseFirestore */; };
		C39AC8A52A8E576A0081065E /* FirebaseFirestoreCombine-Community in Frameworks */ = {isa = PBXBuildFile; productRef = C39AC8A42A8E576A0081065E /* FirebaseFirestoreCombine-Community */; };
		C39AC8A72A8E576A0081065E /* FirebaseFirestoreSwift in Frameworks */ = {isa = PBXBuildFile; productRef = C39AC8A62A8E576A0081065E /* FirebaseFirestoreSwift */; };
		C39AC8A92A8E576A0081065E /* FirebaseStorage in Frameworks */ = {isa = PBXBuildFile; productRef = C39AC8A82A8E576A0081065E /* FirebaseStorage */; };
		C39AC8AB2A8E576A0081065E /* FirebaseStorageCombine-Community in Frameworks */ = {isa = PBXBuildFile; productRef = C39AC8AA2A8E576A0081065E /* FirebaseStorageCombine-Community */; };
		C39AC8AE2A8E586C0081065E /* OnboardingViewController.swift in Sources */ = {isa = PBXBuildFile; fileRef = C39AC8AD2A8E586C0081065E /* OnboardingViewController.swift */; };
		C3BBDC5C2A94C7A600162936 /* LoginViewController.swift in Sources */ = {isa = PBXBuildFile; fileRef = C3BBDC5B2A94C7A600162936 /* LoginViewController.swift */; };
		C3BBDC5F2A94D74900162936 /* TwitterUser.swift in Sources */ = {isa = PBXBuildFile; fileRef = C3BBDC5E2A94D74900162936 /* TwitterUser.swift */; };
		C3BBDC622A94D7E200162936 /* DatabaseManager.swift in Sources */ = {isa = PBXBuildFile; fileRef = C3BBDC612A94D7E200162936 /* DatabaseManager.swift */; };
		C3BBDC642A94DC4200162936 /* HomeViewViewModel.swift in Sources */ = {isa = PBXBuildFile; fileRef = C3BBDC632A94DC4200162936 /* HomeViewViewModel.swift */; };
		C3BBDC662A94DF0600162936 /* ProfileDataFormViewController.swift in Sources */ = {isa = PBXBuildFile; fileRef = C3BBDC652A94DF0600162936 /* ProfileDataFormViewController.swift */; };
		C3BBDC682A94DFF700162936 /* ProfileDataFormViewViewModel.swift in Sources */ = {isa = PBXBuildFile; fileRef = C3BBDC672A94DFF700162936 /* ProfileDataFormViewViewModel.swift */; };
		C3E5E3A52A86CACC00C01774 /* AppDelegate.swift in Sources */ = {isa = PBXBuildFile; fileRef = C3E5E3A42A86CACC00C01774 /* AppDelegate.swift */; };
		C3E5E3A72A86CACC00C01774 /* SceneDelegate.swift in Sources */ = {isa = PBXBuildFile; fileRef = C3E5E3A62A86CACC00C01774 /* SceneDelegate.swift */; };
		C3E5E3A92A86CACC00C01774 /* MainTabbarController.swift in Sources */ = {isa = PBXBuildFile; fileRef = C3E5E3A82A86CACC00C01774 /* MainTabbarController.swift */; };
		C3E5E3AE2A86CACD00C01774 /* Assets.xcassets in Resources */ = {isa = PBXBuildFile; fileRef = C3E5E3AD2A86CACD00C01774 /* Assets.xcassets */; };
		C3E5E3B12A86CACD00C01774 /* LaunchScreen.storyboard in Resources */ = {isa = PBXBuildFile; fileRef = C3E5E3AF2A86CACD00C01774 /* LaunchScreen.storyboard */; };
		C3E5E3BB2A86CF0800C01774 /* HomeViewController.swift in Sources */ = {isa = PBXBuildFile; fileRef = C3E5E3BA2A86CF0800C01774 /* HomeViewController.swift */; };
		C3E5E3BD2A86CF1B00C01774 /* DirectMessagesViewController.swift in Sources */ = {isa = PBXBuildFile; fileRef = C3E5E3BC2A86CF1B00C01774 /* DirectMessagesViewController.swift */; };
		C3E5E3BF2A86CF3900C01774 /* SearchViewController.swift in Sources */ = {isa = PBXBuildFile; fileRef = C3E5E3BE2A86CF3900C01774 /* SearchViewController.swift */; };
		C3E5E3C12A86CF4700C01774 /* NotificationsViewController.swift in Sources */ = {isa = PBXBuildFile; fileRef = C3E5E3C02A86CF4700C01774 /* NotificationsViewController.swift */; };
		C3E5E3C42A86D96200C01774 /* TweetTableViewCell.swift in Sources */ = {isa = PBXBuildFile; fileRef = C3E5E3C32A86D96200C01774 /* TweetTableViewCell.swift */; };
		C3FFB4A32A8A7E7F005BEE34 /* ProfileViewController.swift in Sources */ = {isa = PBXBuildFile; fileRef = C3FFB4A22A8A7E7F005BEE34 /* ProfileViewController.swift */; };
/* End PBXBuildFile section */

/* Begin PBXFileReference section */
		C32A35482A8B735A00AB8E55 /* ProfileTableViewHeader.swift */ = {isa = PBXFileReference; lastKnownFileType = sourcecode.swift; path = ProfileTableViewHeader.swift; sourceTree = "<group>"; };
		C35C39EB2A94029E0045EA42 /* AuthenticationViewViewModel.swift */ = {isa = PBXFileReference; lastKnownFileType = sourcecode.swift; path = AuthenticationViewViewModel.swift; sourceTree = "<group>"; };
		C35C39EE2A94090A0045EA42 /* AuthManager.swift */ = {isa = PBXFileReference; lastKnownFileType = sourcecode.swift; path = AuthManager.swift; sourceTree = "<group>"; };
		C38BC4772A8F4B7C0063909F /* RegisterViewController.swift */ = {isa = PBXFileReference; lastKnownFileType = sourcecode.swift; path = RegisterViewController.swift; sourceTree = "<group>"; };
		C39AC8972A8E565E0081065E /* GoogleService-Info.plist */ = {isa = PBXFileReference; fileEncoding = 4; lastKnownFileType = text.plist.xml; path = "GoogleService-Info.plist"; sourceTree = "<group>"; };
		C39AC8AD2A8E586C0081065E /* OnboardingViewController.swift */ = {isa = PBXFileReference; lastKnownFileType = sourcecode.swift; path = OnboardingViewController.swift; sourceTree = "<group>"; };
		C3BBDC5B2A94C7A600162936 /* LoginViewController.swift */ = {isa = PBXFileReference; lastKnownFileType = sourcecode.swift; path = LoginViewController.swift; sourceTree = "<group>"; };
		C3BBDC5E2A94D74900162936 /* TwitterUser.swift */ = {isa = PBXFileReference; lastKnownFileType = sourcecode.swift; path = TwitterUser.swift; sourceTree = "<group>"; };
		C3BBDC612A94D7E200162936 /* DatabaseManager.swift */ = {isa = PBXFileReference; lastKnownFileType = sourcecode.swift; path = DatabaseManager.swift; sourceTree = "<group>"; };
		C3BBDC632A94DC4200162936 /* HomeViewViewModel.swift */ = {isa = PBXFileReference; lastKnownFileType = sourcecode.swift; path = HomeViewViewModel.swift; sourceTree = "<group>"; };
		C3BBDC652A94DF0600162936 /* ProfileDataFormViewController.swift */ = {isa = PBXFileReference; lastKnownFileType = sourcecode.swift; path = ProfileDataFormViewController.swift; sourceTree = "<group>"; };
		C3BBDC672A94DFF700162936 /* ProfileDataFormViewViewModel.swift */ = {isa = PBXFileReference; lastKnownFileType = sourcecode.swift; path = ProfileDataFormViewViewModel.swift; sourceTree = "<group>"; };
		C3E5E3A12A86CACC00C01774 /* TwitterClone.app */ = {isa = PBXFileReference; explicitFileType = wrapper.application; includeInIndex = 0; path = TwitterClone.app; sourceTree = BUILT_PRODUCTS_DIR; };
		C3E5E3A42A86CACC00C01774 /* AppDelegate.swift */ = {isa = PBXFileReference; lastKnownFileType = sourcecode.swift; path = AppDelegate.swift; sourceTree = "<group>"; };
		C3E5E3A62A86CACC00C01774 /* SceneDelegate.swift */ = {isa = PBXFileReference; lastKnownFileType = sourcecode.swift; path = SceneDelegate.swift; sourceTree = "<group>"; };
		C3E5E3A82A86CACC00C01774 /* MainTabbarController.swift */ = {isa = PBXFileReference; lastKnownFileType = sourcecode.swift; path = MainTabbarController.swift; sourceTree = "<group>"; };
		C3E5E3AD2A86CACD00C01774 /* Assets.xcassets */ = {isa = PBXFileReference; lastKnownFileType = folder.assetcatalog; path = Assets.xcassets; sourceTree = "<group>"; };
		C3E5E3B02A86CACD00C01774 /* Base */ = {isa = PBXFileReference; lastKnownFileType = file.storyboard; name = Base; path = Base.lproj/LaunchScreen.storyboard; sourceTree = "<group>"; };
		C3E5E3B22A86CACD00C01774 /* Info.plist */ = {isa = PBXFileReference; lastKnownFileType = text.plist.xml; path = Info.plist; sourceTree = "<group>"; };
		C3E5E3BA2A86CF0800C01774 /* HomeViewController.swift */ = {isa = PBXFileReference; lastKnownFileType = sourcecode.swift; path = HomeViewController.swift; sourceTree = "<group>"; };
		C3E5E3BC2A86CF1B00C01774 /* DirectMessagesViewController.swift */ = {isa = PBXFileReference; lastKnownFileType = sourcecode.swift; path = DirectMessagesViewController.swift; sourceTree = "<group>"; };
		C3E5E3BE2A86CF3900C01774 /* SearchViewController.swift */ = {isa = PBXFileReference; lastKnownFileType = sourcecode.swift; path = SearchViewController.swift; sourceTree = "<group>"; };
		C3E5E3C02A86CF4700C01774 /* NotificationsViewController.swift */ = {isa = PBXFileReference; lastKnownFileType = sourcecode.swift; path = NotificationsViewController.swift; sourceTree = "<group>"; };
		C3E5E3C32A86D96200C01774 /* TweetTableViewCell.swift */ = {isa = PBXFileReference; lastKnownFileType = sourcecode.swift; path = TweetTableViewCell.swift; sourceTree = "<group>"; };
		C3FFB4A22A8A7E7F005BEE34 /* ProfileViewController.swift */ = {isa = PBXFileReference; lastKnownFileType = sourcecode.swift; path = ProfileViewController.swift; sourceTree = "<group>"; };
/* End PBXFileReference section */

/* Begin PBXFrameworksBuildPhase section */
		C3E5E39E2A86CACC00C01774 /* Frameworks */ = {
			isa = PBXFrameworksBuildPhase;
			buildActionMask = 2147483647;
			files = (
				C39AC8A12A8E576A0081065E /* FirebaseDatabaseSwift in Frameworks */,
				C39AC89F2A8E576A0081065E /* FirebaseDatabase in Frameworks */,
				C39AC89B2A8E576A0081065E /* FirebaseAuth in Frameworks */,
				C39AC8A72A8E576A0081065E /* FirebaseFirestoreSwift in Frameworks */,
				C39AC8A52A8E576A0081065E /* FirebaseFirestoreCombine-Community in Frameworks */,
				C39AC8A92A8E576A0081065E /* FirebaseStorage in Frameworks */,
				C39AC8A32A8E576A0081065E /* FirebaseFirestore in Frameworks */,
				C39AC8AB2A8E576A0081065E /* FirebaseStorageCombine-Community in Frameworks */,
				C39AC89D2A8E576A0081065E /* FirebaseAuthCombine-Community in Frameworks */,
			);
			runOnlyForDeploymentPostprocessing = 0;
		};
/* End PBXFrameworksBuildPhase section */

/* Begin PBXGroup section */
		C35C39EA2A9402700045EA42 /* ViewModels */ = {
			isa = PBXGroup;
			children = (
				C35C39EB2A94029E0045EA42 /* AuthenticationViewViewModel.swift */,
				C3BBDC632A94DC4200162936 /* HomeViewViewModel.swift */,
				C3BBDC672A94DFF700162936 /* ProfileDataFormViewViewModel.swift */,
			);
			path = ViewModels;
			sourceTree = "<group>";
		};
		C35C39ED2A9408FE0045EA42 /* Networking */ = {
			isa = PBXGroup;
			children = (
				C35C39EE2A94090A0045EA42 /* AuthManager.swift */,
				C3BBDC612A94D7E200162936 /* DatabaseManager.swift */,
			);
			path = Networking;
			sourceTree = "<group>";
		};
		C39AC8AC2A8E58400081065E /* Onboarding */ = {
			isa = PBXGroup;
			children = (
				C39AC8AD2A8E586C0081065E /* OnboardingViewController.swift */,
				C38BC4772A8F4B7C0063909F /* RegisterViewController.swift */,
				C3BBDC5B2A94C7A600162936 /* LoginViewController.swift */,
			);
			path = Onboarding;
			sourceTree = "<group>";
		};
		C3BBDC5D2A94D72400162936 /* Models */ = {
			isa = PBXGroup;
			children = (
				C3BBDC5E2A94D74900162936 /* TwitterUser.swift */,
			);
			path = Models;
			sourceTree = "<group>";
		};
		C3E5E3982A86CACC00C01774 = {
			isa = PBXGroup;
			children = (
				C3E5E3A32A86CACC00C01774 /* TwitterClone */,
				C3E5E3A22A86CACC00C01774 /* Products */,
			);
			sourceTree = "<group>";
		};
		C3E5E3A22A86CACC00C01774 /* Products */ = {
			isa = PBXGroup;
			children = (
				C3E5E3A12A86CACC00C01774 /* TwitterClone.app */,
			);
			name = Products;
			sourceTree = "<group>";
		};
		C3E5E3A32A86CACC00C01774 /* TwitterClone */ = {
			isa = PBXGroup;
			children = (
				C3BBDC5D2A94D72400162936 /* Models */,
				C35C39ED2A9408FE0045EA42 /* Networking */,
				C35C39EA2A9402700045EA42 /* ViewModels */,
				C3E5E3C22A86D94200C01774 /* Views */,
				C3E5E3B82A86CEDD00C01774 /* Controllers */,
				C3E5E3A42A86CACC00C01774 /* AppDelegate.swift */,
				C3E5E3A62A86CACC00C01774 /* SceneDelegate.swift */,
				C3E5E3AD2A86CACD00C01774 /* Assets.xcassets */,
				C3E5E3AF2A86CACD00C01774 /* LaunchScreen.storyboard */,
				C3E5E3B22A86CACD00C01774 /* Info.plist */,
				C39AC8972A8E565E0081065E /* GoogleService-Info.plist */,
			);
			path = TwitterClone;
			sourceTree = "<group>";
		};
		C3E5E3B82A86CEDD00C01774 /* Controllers */ = {
			isa = PBXGroup;
			children = (
				C39AC8AC2A8E58400081065E /* Onboarding */,
				C3FFB4A12A8A7E64005BEE34 /* General */,
				C3E5E3B92A86CEEB00C01774 /* Core */,
			);
			path = Controllers;
			sourceTree = "<group>";
		};
		C3E5E3B92A86CEEB00C01774 /* Core */ = {
			isa = PBXGroup;
			children = (
				C3E5E3A82A86CACC00C01774 /* MainTabbarController.swift */,
				C3E5E3BA2A86CF0800C01774 /* HomeViewController.swift */,
				C3E5E3BC2A86CF1B00C01774 /* DirectMessagesViewController.swift */,
				C3E5E3BE2A86CF3900C01774 /* SearchViewController.swift */,
				C3E5E3C02A86CF4700C01774 /* NotificationsViewController.swift */,
			);
			path = Core;
			sourceTree = "<group>";
		};
		C3E5E3C22A86D94200C01774 /* Views */ = {
			isa = PBXGroup;
			children = (
				C3E5E3C32A86D96200C01774 /* TweetTableViewCell.swift */,
				C32A35482A8B735A00AB8E55 /* ProfileTableViewHeader.swift */,
			);
			path = Views;
			sourceTree = "<group>";
		};
		C3FFB4A12A8A7E64005BEE34 /* General */ = {
			isa = PBXGroup;
			children = (
				C3FFB4A22A8A7E7F005BEE34 /* ProfileViewController.swift */,
				C3BBDC652A94DF0600162936 /* ProfileDataFormViewController.swift */,
			);
			path = General;
			sourceTree = "<group>";
		};
/* End PBXGroup section */

/* Begin PBXNativeTarget section */
		C3E5E3A02A86CACC00C01774 /* TwitterClone */ = {
			isa = PBXNativeTarget;
			buildConfigurationList = C3E5E3B52A86CACD00C01774 /* Build configuration list for PBXNativeTarget "TwitterClone" */;
			buildPhases = (
				C3E5E39D2A86CACC00C01774 /* Sources */,
				C3E5E39E2A86CACC00C01774 /* Frameworks */,
				C3E5E39F2A86CACC00C01774 /* Resources */,
			);
			buildRules = (
			);
			dependencies = (
			);
			name = TwitterClone;
			packageProductDependencies = (
				C39AC89A2A8E576A0081065E /* FirebaseAuth */,
				C39AC89C2A8E576A0081065E /* FirebaseAuthCombine-Community */,
				C39AC89E2A8E576A0081065E /* FirebaseDatabase */,
				C39AC8A02A8E576A0081065E /* FirebaseDatabaseSwift */,
				C39AC8A22A8E576A0081065E /* FirebaseFirestore */,
				C39AC8A42A8E576A0081065E /* FirebaseFirestoreCombine-Community */,
				C39AC8A62A8E576A0081065E /* FirebaseFirestoreSwift */,
				C39AC8A82A8E576A0081065E /* FirebaseStorage */,
				C39AC8AA2A8E576A0081065E /* FirebaseStorageCombine-Community */,
			);
			productName = TwitterClone;
			productReference = C3E5E3A12A86CACC00C01774 /* TwitterClone.app */;
			productType = "com.apple.product-type.application";
		};
/* End PBXNativeTarget section */

/* Begin PBXProject section */
		C3E5E3992A86CACC00C01774 /* Project object */ = {
			isa = PBXProject;
			attributes = {
				BuildIndependentTargetsInParallel = 1;
				LastSwiftUpdateCheck = 1500;
				LastUpgradeCheck = 1500;
				TargetAttributes = {
					C3E5E3A02A86CACC00C01774 = {
						CreatedOnToolsVersion = 15.0;
					};
				};
			};
			buildConfigurationList = C3E5E39C2A86CACC00C01774 /* Build configuration list for PBXProject "TwitterClone" */;
			compatibilityVersion = "Xcode 14.0";
			developmentRegion = en;
			hasScannedForEncodings = 0;
			knownRegions = (
				en,
				Base,
			);
			mainGroup = C3E5E3982A86CACC00C01774;
			packageReferences = (
				C39AC8992A8E576A0081065E /* XCRemoteSwiftPackageReference "firebase-ios-sdk" */,
			);
			productRefGroup = C3E5E3A22A86CACC00C01774 /* Products */;
			projectDirPath = "";
			projectRoot = "";
			targets = (
				C3E5E3A02A86CACC00C01774 /* TwitterClone */,
			);
		};
/* End PBXProject section */

/* Begin PBXResourcesBuildPhase section */
		C3E5E39F2A86CACC00C01774 /* Resources */ = {
			isa = PBXResourcesBuildPhase;
			buildActionMask = 2147483647;
			files = (
				C3E5E3B12A86CACD00C01774 /* LaunchScreen.storyboard in Resources */,
				C3E5E3AE2A86CACD00C01774 /* Assets.xcassets in Resources */,
				C39AC8982A8E565E0081065E /* GoogleService-Info.plist in Resources */,
			);
			runOnlyForDeploymentPostprocessing = 0;
		};
/* End PBXResourcesBuildPhase section */

/* Begin PBXSourcesBuildPhase section */
		C3E5E39D2A86CACC00C01774 /* Sources */ = {
			isa = PBXSourcesBuildPhase;
			buildActionMask = 2147483647;
			files = (
				C3E5E3BF2A86CF3900C01774 /* SearchViewController.swift in Sources */,
				C35C39EF2A94090A0045EA42 /* AuthManager.swift in Sources */,
				C3E5E3A92A86CACC00C01774 /* MainTabbarController.swift in Sources */,
				C3BBDC5C2A94C7A600162936 /* LoginViewController.swift in Sources */,
				C3BBDC622A94D7E200162936 /* DatabaseManager.swift in Sources */,
				C3E5E3BD2A86CF1B00C01774 /* DirectMessagesViewController.swift in Sources */,
				C38BC4782A8F4B7C0063909F /* RegisterViewController.swift in Sources */,
				C3E5E3A52A86CACC00C01774 /* AppDelegate.swift in Sources */,
				C3E5E3A72A86CACC00C01774 /* SceneDelegate.swift in Sources */,
				C3E5E3C12A86CF4700C01774 /* NotificationsViewController.swift in Sources */,
				C35C39EC2A94029E0045EA42 /* AuthenticationViewViewModel.swift in Sources */,
				C3BBDC682A94DFF700162936 /* ProfileDataFormViewViewModel.swift in Sources */,
				C3FFB4A32A8A7E7F005BEE34 /* ProfileViewController.swift in Sources */,
				C3E5E3BB2A86CF0800C01774 /* HomeViewController.swift in Sources */,
				C32A35492A8B735A00AB8E55 /* ProfileTableViewHeader.swift in Sources */,
				C3BBDC662A94DF0600162936 /* ProfileDataFormViewController.swift in Sources */,
				C39AC8AE2A8E586C0081065E /* OnboardingViewController.swift in Sources */,
				C3BBDC5F2A94D74900162936 /* TwitterUser.swift in Sources */,
				C3BBDC642A94DC4200162936 /* HomeViewViewModel.swift in Sources */,
				C3E5E3C42A86D96200C01774 /* TweetTableViewCell.swift in Sources */,
			);
			runOnlyForDeploymentPostprocessing = 0;
		};
/* End PBXSourcesBuildPhase section */

/* Begin PBXVariantGroup section */
		C3E5E3AF2A86CACD00C01774 /* LaunchScreen.storyboard */ = {
			isa = PBXVariantGroup;
			children = (
				C3E5E3B02A86CACD00C01774 /* Base */,
			);
			name = LaunchScreen.storyboard;
			sourceTree = "<group>";
		};
/* End PBXVariantGroup section */

/* Begin XCBuildConfiguration section */
		C3E5E3B32A86CACD00C01774 /* Debug */ = {
			isa = XCBuildConfiguration;
			buildSettings = {
				ALWAYS_SEARCH_USER_PATHS = NO;
				ASSETCATALOG_COMPILER_GENERATE_SWIFT_ASSET_SYMBOL_EXTENSIONS = YES;
				CLANG_ANALYZER_NONNULL = YES;
				CLANG_ANALYZER_NUMBER_OBJECT_CONVERSION = YES_AGGRESSIVE;
				CLANG_CXX_LANGUAGE_STANDARD = "gnu++20";
				CLANG_ENABLE_MODULES = YES;
				CLANG_ENABLE_OBJC_ARC = YES;
				CLANG_ENABLE_OBJC_WEAK = YES;
				CLANG_WARN_BLOCK_CAPTURE_AUTORELEASING = YES;
				CLANG_WARN_BOOL_CONVERSION = YES;
				CLANG_WARN_COMMA = YES;
				CLANG_WARN_CONSTANT_CONVERSION = YES;
				CLANG_WARN_DEPRECATED_OBJC_IMPLEMENTATIONS = YES;
				CLANG_WARN_DIRECT_OBJC_ISA_USAGE = YES_ERROR;
				CLANG_WARN_DOCUMENTATION_COMMENTS = YES;
				CLANG_WARN_EMPTY_BODY = YES;
				CLANG_WARN_ENUM_CONVERSION = YES;
				CLANG_WARN_INFINITE_RECURSION = YES;
				CLANG_WARN_INT_CONVERSION = YES;
				CLANG_WARN_NON_LITERAL_NULL_CONVERSION = YES;
				CLANG_WARN_OBJC_IMPLICIT_RETAIN_SELF = YES;
				CLANG_WARN_OBJC_LITERAL_CONVERSION = YES;
				CLANG_WARN_OBJC_ROOT_CLASS = YES_ERROR;
				CLANG_WARN_QUOTED_INCLUDE_IN_FRAMEWORK_HEADER = YES;
				CLANG_WARN_RANGE_LOOP_ANALYSIS = YES;
				CLANG_WARN_STRICT_PROTOTYPES = YES;
				CLANG_WARN_SUSPICIOUS_MOVE = YES;
				CLANG_WARN_UNGUARDED_AVAILABILITY = YES_AGGRESSIVE;
				CLANG_WARN_UNREACHABLE_CODE = YES;
				CLANG_WARN__DUPLICATE_METHOD_MATCH = YES;
				COPY_PHASE_STRIP = NO;
				DEBUG_INFORMATION_FORMAT = dwarf;
				ENABLE_STRICT_OBJC_MSGSEND = YES;
				ENABLE_TESTABILITY = YES;
				ENABLE_USER_SCRIPT_SANDBOXING = YES;
				GCC_C_LANGUAGE_STANDARD = gnu17;
				GCC_DYNAMIC_NO_PIC = NO;
				GCC_NO_COMMON_BLOCKS = YES;
				GCC_OPTIMIZATION_LEVEL = 0;
				GCC_PREPROCESSOR_DEFINITIONS = (
					"DEBUG=1",
					"$(inherited)",
				);
				GCC_WARN_64_TO_32_BIT_CONVERSION = YES;
				GCC_WARN_ABOUT_RETURN_TYPE = YES_ERROR;
				GCC_WARN_UNDECLARED_SELECTOR = YES;
				GCC_WARN_UNINITIALIZED_AUTOS = YES_AGGRESSIVE;
				GCC_WARN_UNUSED_FUNCTION = YES;
				GCC_WARN_UNUSED_VARIABLE = YES;
				IPHONEOS_DEPLOYMENT_TARGET = 17.0;
				LOCALIZATION_PREFERS_STRING_CATALOGS = YES;
				MTL_ENABLE_DEBUG_INFO = INCLUDE_SOURCE;
				MTL_FAST_MATH = YES;
				ONLY_ACTIVE_ARCH = YES;
				SDKROOT = iphoneos;
				SWIFT_ACTIVE_COMPILATION_CONDITIONS = "DEBUG $(inherited)";
				SWIFT_OPTIMIZATION_LEVEL = "-Onone";
			};
			name = Debug;
		};
		C3E5E3B42A86CACD00C01774 /* Release */ = {
			isa = XCBuildConfiguration;
			buildSettings = {
				ALWAYS_SEARCH_USER_PATHS = NO;
				ASSETCATALOG_COMPILER_GENERATE_SWIFT_ASSET_SYMBOL_EXTENSIONS = YES;
				CLANG_ANALYZER_NONNULL = YES;
				CLANG_ANALYZER_NUMBER_OBJECT_CONVERSION = YES_AGGRESSIVE;
				CLANG_CXX_LANGUAGE_STANDARD = "gnu++20";
				CLANG_ENABLE_MODULES = YES;
				CLANG_ENABLE_OBJC_ARC = YES;
				CLANG_ENABLE_OBJC_WEAK = YES;
				CLANG_WARN_BLOCK_CAPTURE_AUTORELEASING = YES;
				CLANG_WARN_BOOL_CONVERSION = YES;
				CLANG_WARN_COMMA = YES;
				CLANG_WARN_CONSTANT_CONVERSION = YES;
				CLANG_WARN_DEPRECATED_OBJC_IMPLEMENTATIONS = YES;
				CLANG_WARN_DIRECT_OBJC_ISA_USAGE = YES_ERROR;
				CLANG_WARN_DOCUMENTATION_COMMENTS = YES;
				CLANG_WARN_EMPTY_BODY = YES;
				CLANG_WARN_ENUM_CONVERSION = YES;
				CLANG_WARN_INFINITE_RECURSION = YES;
				CLANG_WARN_INT_CONVERSION = YES;
				CLANG_WARN_NON_LITERAL_NULL_CONVERSION = YES;
				CLANG_WARN_OBJC_IMPLICIT_RETAIN_SELF = YES;
				CLANG_WARN_OBJC_LITERAL_CONVERSION = YES;
				CLANG_WARN_OBJC_ROOT_CLASS = YES_ERROR;
				CLANG_WARN_QUOTED_INCLUDE_IN_FRAMEWORK_HEADER = YES;
				CLANG_WARN_RANGE_LOOP_ANALYSIS = YES;
				CLANG_WARN_STRICT_PROTOTYPES = YES;
				CLANG_WARN_SUSPICIOUS_MOVE = YES;
				CLANG_WARN_UNGUARDED_AVAILABILITY = YES_AGGRESSIVE;
				CLANG_WARN_UNREACHABLE_CODE = YES;
				CLANG_WARN__DUPLICATE_METHOD_MATCH = YES;
				COPY_PHASE_STRIP = NO;
				DEBUG_INFORMATION_FORMAT = "dwarf-with-dsym";
				ENABLE_NS_ASSERTIONS = NO;
				ENABLE_STRICT_OBJC_MSGSEND = YES;
				ENABLE_USER_SCRIPT_SANDBOXING = YES;
				GCC_C_LANGUAGE_STANDARD = gnu17;
				GCC_NO_COMMON_BLOCKS = YES;
				GCC_WARN_64_TO_32_BIT_CONVERSION = YES;
				GCC_WARN_ABOUT_RETURN_TYPE = YES_ERROR;
				GCC_WARN_UNDECLARED_SELECTOR = YES;
				GCC_WARN_UNINITIALIZED_AUTOS = YES_AGGRESSIVE;
				GCC_WARN_UNUSED_FUNCTION = YES;
				GCC_WARN_UNUSED_VARIABLE = YES;
				IPHONEOS_DEPLOYMENT_TARGET = 17.0;
				LOCALIZATION_PREFERS_STRING_CATALOGS = YES;
				MTL_ENABLE_DEBUG_INFO = NO;
				MTL_FAST_MATH = YES;
				SDKROOT = iphoneos;
				SWIFT_COMPILATION_MODE = wholemodule;
				VALIDATE_PRODUCT = YES;
			};
			name = Release;
		};
		C3E5E3B62A86CACD00C01774 /* Debug */ = {
			isa = XCBuildConfiguration;
			buildSettings = {
				ASSETCATALOG_COMPILER_APPICON_NAME = AppIcon;
				ASSETCATALOG_COMPILER_GLOBAL_ACCENT_COLOR_NAME = AccentColor;
				CODE_SIGN_STYLE = Automatic;
				CURRENT_PROJECT_VERSION = 1;
				DEVELOPMENT_TEAM = 46UB79YYJT;
				GENERATE_INFOPLIST_FILE = YES;
				INFOPLIST_FILE = TwitterClone/Info.plist;
				INFOPLIST_KEY_UIApplicationSupportsIndirectInputEvents = YES;
				INFOPLIST_KEY_UILaunchStoryboardName = LaunchScreen;
				INFOPLIST_KEY_UISupportedInterfaceOrientations_iPad = "UIInterfaceOrientationPortrait UIInterfaceOrientationPortraitUpsideDown UIInterfaceOrientationLandscapeLeft UIInterfaceOrientationLandscapeRight";
				INFOPLIST_KEY_UISupportedInterfaceOrientations_iPhone = "UIInterfaceOrientationPortrait UIInterfaceOrientationLandscapeLeft UIInterfaceOrientationLandscapeRight";
				IPHONEOS_DEPLOYMENT_TARGET = 15.0;
				LD_RUNPATH_SEARCH_PATHS = (
					"$(inherited)",
					"@executable_path/Frameworks",
				);
				MARKETING_VERSION = 1.0;
				PRODUCT_BUNDLE_IDENTIFIER = com.orcunerdil.TwitterClone;
				PRODUCT_NAME = "$(TARGET_NAME)";
				SWIFT_EMIT_LOC_STRINGS = YES;
				SWIFT_VERSION = 5.0;
				TARGETED_DEVICE_FAMILY = "1,2";
			};
			name = Debug;
		};
		C3E5E3B72A86CACD00C01774 /* Release */ = {
			isa = XCBuildConfiguration;
			buildSettings = {
				ASSETCATALOG_COMPILER_APPICON_NAME = AppIcon;
				ASSETCATALOG_COMPILER_GLOBAL_ACCENT_COLOR_NAME = AccentColor;
				CODE_SIGN_STYLE = Automatic;
				CURRENT_PROJECT_VERSION = 1;
				DEVELOPMENT_TEAM = 46UB79YYJT;
				GENERATE_INFOPLIST_FILE = YES;
				INFOPLIST_FILE = TwitterClone/Info.plist;
				INFOPLIST_KEY_UIApplicationSupportsIndirectInputEvents = YES;
				INFOPLIST_KEY_UILaunchStoryboardName = LaunchScreen;
				INFOPLIST_KEY_UISupportedInterfaceOrientations_iPad = "UIInterfaceOrientationPortrait UIInterfaceOrientationPortraitUpsideDown UIInterfaceOrientationLandscapeLeft UIInterfaceOrientationLandscapeRight";
				INFOPLIST_KEY_UISupportedInterfaceOrientations_iPhone = "UIInterfaceOrientationPortrait UIInterfaceOrientationLandscapeLeft UIInterfaceOrientationLandscapeRight";
				IPHONEOS_DEPLOYMENT_TARGET = 15.0;
				LD_RUNPATH_SEARCH_PATHS = (
					"$(inherited)",
					"@executable_path/Frameworks",
				);
				MARKETING_VERSION = 1.0;
				PRODUCT_BUNDLE_IDENTIFIER = com.orcunerdil.TwitterClone;
				PRODUCT_NAME = "$(TARGET_NAME)";
				SWIFT_EMIT_LOC_STRINGS = YES;
				SWIFT_VERSION = 5.0;
				TARGETED_DEVICE_FAMILY = "1,2";
			};
			name = Release;
		};
/* End XCBuildConfiguration section */

/* Begin XCConfigurationList section */
		C3E5E39C2A86CACC00C01774 /* Build configuration list for PBXProject "TwitterClone" */ = {
			isa = XCConfigurationList;
			buildConfigurations = (
				C3E5E3B32A86CACD00C01774 /* Debug */,
				C3E5E3B42A86CACD00C01774 /* Release */,
			);
			defaultConfigurationIsVisible = 0;
			defaultConfigurationName = Release;
		};
		C3E5E3B52A86CACD00C01774 /* Build configuration list for PBXNativeTarget "TwitterClone" */ = {
			isa = XCConfigurationList;
			buildConfigurations = (
				C3E5E3B62A86CACD00C01774 /* Debug */,
				C3E5E3B72A86CACD00C01774 /* Release */,
			);
			defaultConfigurationIsVisible = 0;
			defaultConfigurationName = Release;
		};
/* End XCConfigurationList section */

/* Begin XCRemoteSwiftPackageReference section */
		C39AC8992A8E576A0081065E /* XCRemoteSwiftPackageReference "firebase-ios-sdk" */ = {
			isa = XCRemoteSwiftPackageReference;
			repositoryURL = "https://github.com/firebase/firebase-ios-sdk";
			requirement = {
				kind = upToNextMinorVersion;
				minimumVersion = 10.13.0;
			};
		};
/* End XCRemoteSwiftPackageReference section */

/* Begin XCSwiftPackageProductDependency section */
		C39AC89A2A8E576A0081065E /* FirebaseAuth */ = {
			isa = XCSwiftPackageProductDependency;
			package = C39AC8992A8E576A0081065E /* XCRemoteSwiftPackageReference "firebase-ios-sdk" */;
			productName = FirebaseAuth;
		};
		C39AC89C2A8E576A0081065E /* FirebaseAuthCombine-Community */ = {
			isa = XCSwiftPackageProductDependency;
			package = C39AC8992A8E576A0081065E /* XCRemoteSwiftPackageReference "firebase-ios-sdk" */;
			productName = "FirebaseAuthCombine-Community";
		};
		C39AC89E2A8E576A0081065E /* FirebaseDatabase */ = {
			isa = XCSwiftPackageProductDependency;
			package = C39AC8992A8E576A0081065E /* XCRemoteSwiftPackageReference "firebase-ios-sdk" */;
			productName = FirebaseDatabase;
		};
		C39AC8A02A8E576A0081065E /* FirebaseDatabaseSwift */ = {
			isa = XCSwiftPackageProductDependency;
			package = C39AC8992A8E576A0081065E /* XCRemoteSwiftPackageReference "firebase-ios-sdk" */;
			productName = FirebaseDatabaseSwift;
		};
		C39AC8A22A8E576A0081065E /* FirebaseFirestore */ = {
			isa = XCSwiftPackageProductDependency;
			package = C39AC8992A8E576A0081065E /* XCRemoteSwiftPackageReference "firebase-ios-sdk" */;
			productName = FirebaseFirestore;
		};
		C39AC8A42A8E576A0081065E /* FirebaseFirestoreCombine-Community */ = {
			isa = XCSwiftPackageProductDependency;
			package = C39AC8992A8E576A0081065E /* XCRemoteSwiftPackageReference "firebase-ios-sdk" */;
			productName = "FirebaseFirestoreCombine-Community";
		};
		C39AC8A62A8E576A0081065E /* FirebaseFirestoreSwift */ = {
			isa = XCSwiftPackageProductDependency;
			package = C39AC8992A8E576A0081065E /* XCRemoteSwiftPackageReference "firebase-ios-sdk" */;
			productName = FirebaseFirestoreSwift;
		};
		C39AC8A82A8E576A0081065E /* FirebaseStorage */ = {
			isa = XCSwiftPackageProductDependency;
			package = C39AC8992A8E576A0081065E /* XCRemoteSwiftPackageReference "firebase-ios-sdk" */;
			productName = FirebaseStorage;
		};
		C39AC8AA2A8E576A0081065E /* FirebaseStorageCombine-Community */ = {
			isa = XCSwiftPackageProductDependency;
			package = C39AC8992A8E576A0081065E /* XCRemoteSwiftPackageReference "firebase-ios-sdk" */;
			productName = "FirebaseStorageCombine-Community";
		};
/* End XCSwiftPackageProductDependency section */
	};
	rootObject = C3E5E3992A86CACC00C01774 /* Project object */;
}
